
Microsoft Visual Studio Solution File, Format Version 12.00
# Visual Studio 15
VisualStudioVersion = 15.0.26124.0
MinimumVisualStudioVersion = 15.0.26124.0
Project("{FAE04EC0-301F-11D3-BF4B-00C04F79EFBC}") = "Day01", "Day01\Day01.csproj", "{DBB73035-3AF8-472E-BA94-49016A745E15}"
EndProject
Project("{FAE04EC0-301F-11D3-BF4B-00C04F79EFBC}") = "Day02", "Day02\Day02.csproj", "{99940E1E-FA2B-4A7F-9787-6C0FFF4DDF7E}"
EndProject
Project("{FAE04EC0-301F-11D3-BF4B-00C04F79EFBC}") = "Day03", "Day03\Day03.csproj", "{9209DE69-3A5F-46A8-950C-BAAA06145AF7}"
EndProject
Project("{FAE04EC0-301F-11D3-BF4B-00C04F79EFBC}") = "Day04", "Day04\Day04.csproj", "{9708CBD4-29EE-48E8-8B27-A45B81D7EDF0}"
EndProject
Project("{FAE04EC0-301F-11D3-BF4B-00C04F79EFBC}") = "Day05", "Day05\Day05.csproj", "{9EE9835B-9A42-43B6-8B6B-74489EF4D5DC}"
EndProject
Project("{FAE04EC0-301F-11D3-BF4B-00C04F79EFBC}") = "Day06", "Day06\Day06.csproj", "{C3C2D0BB-1D21-48E2-B221-75D3C50A5855}"
EndProject
Project("{FAE04EC0-301F-11D3-BF4B-00C04F79EFBC}") = "Day07", "Day07\Day07.csproj", "{8F08BC2C-AEA5-4EDD-B4A9-520354E0181E}"
EndProject
Project("{FAE04EC0-301F-11D3-BF4B-00C04F79EFBC}") = "Day08", "Day08\Day08.csproj", "{440AC493-CEF8-471A-A2C0-5E25154513FB}"
EndProject
Project("{FAE04EC0-301F-11D3-BF4B-00C04F79EFBC}") = "Day09", "Day09\Day09.csproj", "{C36237C1-428D-4B94-A312-B75C5AEA901D}"
EndProject
Project("{FAE04EC0-301F-11D3-BF4B-00C04F79EFBC}") = "Day10", "Day10\Day10.csproj", "{4EADEF31-D602-416C-B2D5-03ECD3BE19DC}"
EndProject
Project("{FAE04EC0-301F-11D3-BF4B-00C04F79EFBC}") = "Day11", "Day11\Day11.csproj", "{F3D78652-33C7-4470-B8FE-36401D6475C9}"
EndProject
Project("{FAE04EC0-301F-11D3-BF4B-00C04F79EFBC}") = "Day12", "Day12\Day12.csproj", "{303DC75B-45BE-4798-90FC-F9F160EDA729}"
EndProject
Project("{FAE04EC0-301F-11D3-BF4B-00C04F79EFBC}") = "Day13", "Day13\Day13.csproj", "{DE5823F3-35FB-427A-8A7B-FDCF5B6C3055}"
EndProject
Project("{FAE04EC0-301F-11D3-BF4B-00C04F79EFBC}") = "Day14", "Day14\Day14.csproj", "{46F8BCF0-D239-46CA-ACFA-FF3892BB597D}"
EndProject
Global
	GlobalSection(SolutionConfigurationPlatforms) = preSolution
		Debug|Any CPU = Debug|Any CPU
		Debug|x64 = Debug|x64
		Debug|x86 = Debug|x86
		Release|Any CPU = Release|Any CPU
		Release|x64 = Release|x64
		Release|x86 = Release|x86
	EndGlobalSection
	GlobalSection(SolutionProperties) = preSolution
		HideSolutionNode = FALSE
	EndGlobalSection
	GlobalSection(ProjectConfigurationPlatforms) = postSolution
		{DBB73035-3AF8-472E-BA94-49016A745E15}.Debug|Any CPU.ActiveCfg = Debug|Any CPU
		{DBB73035-3AF8-472E-BA94-49016A745E15}.Debug|Any CPU.Build.0 = Debug|Any CPU
		{DBB73035-3AF8-472E-BA94-49016A745E15}.Debug|x64.ActiveCfg = Debug|Any CPU
		{DBB73035-3AF8-472E-BA94-49016A745E15}.Debug|x64.Build.0 = Debug|Any CPU
		{DBB73035-3AF8-472E-BA94-49016A745E15}.Debug|x86.ActiveCfg = Debug|Any CPU
		{DBB73035-3AF8-472E-BA94-49016A745E15}.Debug|x86.Build.0 = Debug|Any CPU
		{DBB73035-3AF8-472E-BA94-49016A745E15}.Release|Any CPU.ActiveCfg = Release|Any CPU
		{DBB73035-3AF8-472E-BA94-49016A745E15}.Release|Any CPU.Build.0 = Release|Any CPU
		{DBB73035-3AF8-472E-BA94-49016A745E15}.Release|x64.ActiveCfg = Release|Any CPU
		{DBB73035-3AF8-472E-BA94-49016A745E15}.Release|x64.Build.0 = Release|Any CPU
		{DBB73035-3AF8-472E-BA94-49016A745E15}.Release|x86.ActiveCfg = Release|Any CPU
		{DBB73035-3AF8-472E-BA94-49016A745E15}.Release|x86.Build.0 = Release|Any CPU
		{99940E1E-FA2B-4A7F-9787-6C0FFF4DDF7E}.Debug|Any CPU.ActiveCfg = Debug|Any CPU
		{99940E1E-FA2B-4A7F-9787-6C0FFF4DDF7E}.Debug|Any CPU.Build.0 = Debug|Any CPU
		{99940E1E-FA2B-4A7F-9787-6C0FFF4DDF7E}.Debug|x64.ActiveCfg = Debug|Any CPU
		{99940E1E-FA2B-4A7F-9787-6C0FFF4DDF7E}.Debug|x64.Build.0 = Debug|Any CPU
		{99940E1E-FA2B-4A7F-9787-6C0FFF4DDF7E}.Debug|x86.ActiveCfg = Debug|Any CPU
		{99940E1E-FA2B-4A7F-9787-6C0FFF4DDF7E}.Debug|x86.Build.0 = Debug|Any CPU
		{99940E1E-FA2B-4A7F-9787-6C0FFF4DDF7E}.Release|Any CPU.ActiveCfg = Release|Any CPU
		{99940E1E-FA2B-4A7F-9787-6C0FFF4DDF7E}.Release|Any CPU.Build.0 = Release|Any CPU
		{99940E1E-FA2B-4A7F-9787-6C0FFF4DDF7E}.Release|x64.ActiveCfg = Release|Any CPU
		{99940E1E-FA2B-4A7F-9787-6C0FFF4DDF7E}.Release|x64.Build.0 = Release|Any CPU
		{99940E1E-FA2B-4A7F-9787-6C0FFF4DDF7E}.Release|x86.ActiveCfg = Release|Any CPU
		{99940E1E-FA2B-4A7F-9787-6C0FFF4DDF7E}.Release|x86.Build.0 = Release|Any CPU
		{9209DE69-3A5F-46A8-950C-BAAA06145AF7}.Debug|Any CPU.ActiveCfg = Debug|Any CPU
		{9209DE69-3A5F-46A8-950C-BAAA06145AF7}.Debug|Any CPU.Build.0 = Debug|Any CPU
		{9209DE69-3A5F-46A8-950C-BAAA06145AF7}.Debug|x64.ActiveCfg = Debug|Any CPU
		{9209DE69-3A5F-46A8-950C-BAAA06145AF7}.Debug|x64.Build.0 = Debug|Any CPU
		{9209DE69-3A5F-46A8-950C-BAAA06145AF7}.Debug|x86.ActiveCfg = Debug|Any CPU
		{9209DE69-3A5F-46A8-950C-BAAA06145AF7}.Debug|x86.Build.0 = Debug|Any CPU
		{9209DE69-3A5F-46A8-950C-BAAA06145AF7}.Release|Any CPU.ActiveCfg = Release|Any CPU
		{9209DE69-3A5F-46A8-950C-BAAA06145AF7}.Release|Any CPU.Build.0 = Release|Any CPU
		{9209DE69-3A5F-46A8-950C-BAAA06145AF7}.Release|x64.ActiveCfg = Release|Any CPU
		{9209DE69-3A5F-46A8-950C-BAAA06145AF7}.Release|x64.Build.0 = Release|Any CPU
		{9209DE69-3A5F-46A8-950C-BAAA06145AF7}.Release|x86.ActiveCfg = Release|Any CPU
		{9209DE69-3A5F-46A8-950C-BAAA06145AF7}.Release|x86.Build.0 = Release|Any CPU
		{9708CBD4-29EE-48E8-8B27-A45B81D7EDF0}.Debug|Any CPU.ActiveCfg = Debug|Any CPU
		{9708CBD4-29EE-48E8-8B27-A45B81D7EDF0}.Debug|Any CPU.Build.0 = Debug|Any CPU
		{9708CBD4-29EE-48E8-8B27-A45B81D7EDF0}.Debug|x64.ActiveCfg = Debug|Any CPU
		{9708CBD4-29EE-48E8-8B27-A45B81D7EDF0}.Debug|x64.Build.0 = Debug|Any CPU
		{9708CBD4-29EE-48E8-8B27-A45B81D7EDF0}.Debug|x86.ActiveCfg = Debug|Any CPU
		{9708CBD4-29EE-48E8-8B27-A45B81D7EDF0}.Debug|x86.Build.0 = Debug|Any CPU
		{9708CBD4-29EE-48E8-8B27-A45B81D7EDF0}.Release|Any CPU.ActiveCfg = Release|Any CPU
		{9708CBD4-29EE-48E8-8B27-A45B81D7EDF0}.Release|Any CPU.Build.0 = Release|Any CPU
		{9708CBD4-29EE-48E8-8B27-A45B81D7EDF0}.Release|x64.ActiveCfg = Release|Any CPU
		{9708CBD4-29EE-48E8-8B27-A45B81D7EDF0}.Release|x64.Build.0 = Release|Any CPU
		{9708CBD4-29EE-48E8-8B27-A45B81D7EDF0}.Release|x86.ActiveCfg = Release|Any CPU
		{9708CBD4-29EE-48E8-8B27-A45B81D7EDF0}.Release|x86.Build.0 = Release|Any CPU
		{9EE9835B-9A42-43B6-8B6B-74489EF4D5DC}.Debug|Any CPU.ActiveCfg = Debug|Any CPU
		{9EE9835B-9A42-43B6-8B6B-74489EF4D5DC}.Debug|Any CPU.Build.0 = Debug|Any CPU
		{9EE9835B-9A42-43B6-8B6B-74489EF4D5DC}.Debug|x64.ActiveCfg = Debug|Any CPU
		{9EE9835B-9A42-43B6-8B6B-74489EF4D5DC}.Debug|x64.Build.0 = Debug|Any CPU
		{9EE9835B-9A42-43B6-8B6B-74489EF4D5DC}.Debug|x86.ActiveCfg = Debug|Any CPU
		{9EE9835B-9A42-43B6-8B6B-74489EF4D5DC}.Debug|x86.Build.0 = Debug|Any CPU
		{9EE9835B-9A42-43B6-8B6B-74489EF4D5DC}.Release|Any CPU.ActiveCfg = Release|Any CPU
		{9EE9835B-9A42-43B6-8B6B-74489EF4D5DC}.Release|Any CPU.Build.0 = Release|Any CPU
		{9EE9835B-9A42-43B6-8B6B-74489EF4D5DC}.Release|x64.ActiveCfg = Release|Any CPU
		{9EE9835B-9A42-43B6-8B6B-74489EF4D5DC}.Release|x64.Build.0 = Release|Any CPU
		{9EE9835B-9A42-43B6-8B6B-74489EF4D5DC}.Release|x86.ActiveCfg = Release|Any CPU
		{9EE9835B-9A42-43B6-8B6B-74489EF4D5DC}.Release|x86.Build.0 = Release|Any CPU
		{C3C2D0BB-1D21-48E2-B221-75D3C50A5855}.Debug|Any CPU.ActiveCfg = Debug|Any CPU
		{C3C2D0BB-1D21-48E2-B221-75D3C50A5855}.Debug|Any CPU.Build.0 = Debug|Any CPU
		{C3C2D0BB-1D21-48E2-B221-75D3C50A5855}.Debug|x64.ActiveCfg = Debug|Any CPU
		{C3C2D0BB-1D21-48E2-B221-75D3C50A5855}.Debug|x64.Build.0 = Debug|Any CPU
		{C3C2D0BB-1D21-48E2-B221-75D3C50A5855}.Debug|x86.ActiveCfg = Debug|Any CPU
		{C3C2D0BB-1D21-48E2-B221-75D3C50A5855}.Debug|x86.Build.0 = Debug|Any CPU
		{C3C2D0BB-1D21-48E2-B221-75D3C50A5855}.Release|Any CPU.ActiveCfg = Release|Any CPU
		{C3C2D0BB-1D21-48E2-B221-75D3C50A5855}.Release|Any CPU.Build.0 = Release|Any CPU
		{C3C2D0BB-1D21-48E2-B221-75D3C50A5855}.Release|x64.ActiveCfg = Release|Any CPU
		{C3C2D0BB-1D21-48E2-B221-75D3C50A5855}.Release|x64.Build.0 = Release|Any CPU
		{C3C2D0BB-1D21-48E2-B221-75D3C50A5855}.Release|x86.ActiveCfg = Release|Any CPU
		{C3C2D0BB-1D21-48E2-B221-75D3C50A5855}.Release|x86.Build.0 = Release|Any CPU
		{8F08BC2C-AEA5-4EDD-B4A9-520354E0181E}.Debug|Any CPU.ActiveCfg = Debug|Any CPU
		{8F08BC2C-AEA5-4EDD-B4A9-520354E0181E}.Debug|Any CPU.Build.0 = Debug|Any CPU
		{8F08BC2C-AEA5-4EDD-B4A9-520354E0181E}.Debug|x64.ActiveCfg = Debug|Any CPU
		{8F08BC2C-AEA5-4EDD-B4A9-520354E0181E}.Debug|x64.Build.0 = Debug|Any CPU
		{8F08BC2C-AEA5-4EDD-B4A9-520354E0181E}.Debug|x86.ActiveCfg = Debug|Any CPU
		{8F08BC2C-AEA5-4EDD-B4A9-520354E0181E}.Debug|x86.Build.0 = Debug|Any CPU
		{8F08BC2C-AEA5-4EDD-B4A9-520354E0181E}.Release|Any CPU.ActiveCfg = Release|Any CPU
		{8F08BC2C-AEA5-4EDD-B4A9-520354E0181E}.Release|Any CPU.Build.0 = Release|Any CPU
		{8F08BC2C-AEA5-4EDD-B4A9-520354E0181E}.Release|x64.ActiveCfg = Release|Any CPU
		{8F08BC2C-AEA5-4EDD-B4A9-520354E0181E}.Release|x64.Build.0 = Release|Any CPU
		{8F08BC2C-AEA5-4EDD-B4A9-520354E0181E}.Release|x86.ActiveCfg = Release|Any CPU
		{8F08BC2C-AEA5-4EDD-B4A9-520354E0181E}.Release|x86.Build.0 = Release|Any CPU
		{440AC493-CEF8-471A-A2C0-5E25154513FB}.Debug|Any CPU.ActiveCfg = Debug|Any CPU
		{440AC493-CEF8-471A-A2C0-5E25154513FB}.Debug|Any CPU.Build.0 = Debug|Any CPU
		{440AC493-CEF8-471A-A2C0-5E25154513FB}.Debug|x64.ActiveCfg = Debug|Any CPU
		{440AC493-CEF8-471A-A2C0-5E25154513FB}.Debug|x64.Build.0 = Debug|Any CPU
		{440AC493-CEF8-471A-A2C0-5E25154513FB}.Debug|x86.ActiveCfg = Debug|Any CPU
		{440AC493-CEF8-471A-A2C0-5E25154513FB}.Debug|x86.Build.0 = Debug|Any CPU
		{440AC493-CEF8-471A-A2C0-5E25154513FB}.Release|Any CPU.ActiveCfg = Release|Any CPU
		{440AC493-CEF8-471A-A2C0-5E25154513FB}.Release|Any CPU.Build.0 = Release|Any CPU
		{440AC493-CEF8-471A-A2C0-5E25154513FB}.Release|x64.ActiveCfg = Release|Any CPU
		{440AC493-CEF8-471A-A2C0-5E25154513FB}.Release|x64.Build.0 = Release|Any CPU
		{440AC493-CEF8-471A-A2C0-5E25154513FB}.Release|x86.ActiveCfg = Release|Any CPU
		{440AC493-CEF8-471A-A2C0-5E25154513FB}.Release|x86.Build.0 = Release|Any CPU
		{C36237C1-428D-4B94-A312-B75C5AEA901D}.Debug|Any CPU.ActiveCfg = Debug|Any CPU
		{C36237C1-428D-4B94-A312-B75C5AEA901D}.Debug|Any CPU.Build.0 = Debug|Any CPU
		{C36237C1-428D-4B94-A312-B75C5AEA901D}.Debug|x64.ActiveCfg = Debug|Any CPU
		{C36237C1-428D-4B94-A312-B75C5AEA901D}.Debug|x64.Build.0 = Debug|Any CPU
		{C36237C1-428D-4B94-A312-B75C5AEA901D}.Debug|x86.ActiveCfg = Debug|Any CPU
		{C36237C1-428D-4B94-A312-B75C5AEA901D}.Debug|x86.Build.0 = Debug|Any CPU
		{C36237C1-428D-4B94-A312-B75C5AEA901D}.Release|Any CPU.ActiveCfg = Release|Any CPU
		{C36237C1-428D-4B94-A312-B75C5AEA901D}.Release|Any CPU.Build.0 = Release|Any CPU
		{C36237C1-428D-4B94-A312-B75C5AEA901D}.Release|x64.ActiveCfg = Release|Any CPU
		{C36237C1-428D-4B94-A312-B75C5AEA901D}.Release|x64.Build.0 = Release|Any CPU
		{C36237C1-428D-4B94-A312-B75C5AEA901D}.Release|x86.ActiveCfg = Release|Any CPU
		{C36237C1-428D-4B94-A312-B75C5AEA901D}.Release|x86.Build.0 = Release|Any CPU
		{4EADEF31-D602-416C-B2D5-03ECD3BE19DC}.Debug|Any CPU.ActiveCfg = Debug|Any CPU
		{4EADEF31-D602-416C-B2D5-03ECD3BE19DC}.Debug|Any CPU.Build.0 = Debug|Any CPU
		{4EADEF31-D602-416C-B2D5-03ECD3BE19DC}.Debug|x64.ActiveCfg = Debug|Any CPU
		{4EADEF31-D602-416C-B2D5-03ECD3BE19DC}.Debug|x64.Build.0 = Debug|Any CPU
		{4EADEF31-D602-416C-B2D5-03ECD3BE19DC}.Debug|x86.ActiveCfg = Debug|Any CPU
		{4EADEF31-D602-416C-B2D5-03ECD3BE19DC}.Debug|x86.Build.0 = Debug|Any CPU
		{4EADEF31-D602-416C-B2D5-03ECD3BE19DC}.Release|Any CPU.ActiveCfg = Release|Any CPU
		{4EADEF31-D602-416C-B2D5-03ECD3BE19DC}.Release|Any CPU.Build.0 = Release|Any CPU
		{4EADEF31-D602-416C-B2D5-03ECD3BE19DC}.Release|x64.ActiveCfg = Release|Any CPU
		{4EADEF31-D602-416C-B2D5-03ECD3BE19DC}.Release|x64.Build.0 = Release|Any CPU
		{4EADEF31-D602-416C-B2D5-03ECD3BE19DC}.Release|x86.ActiveCfg = Release|Any CPU
		{4EADEF31-D602-416C-B2D5-03ECD3BE19DC}.Release|x86.Build.0 = Release|Any CPU
		{F3D78652-33C7-4470-B8FE-36401D6475C9}.Debug|Any CPU.ActiveCfg = Debug|Any CPU
		{F3D78652-33C7-4470-B8FE-36401D6475C9}.Debug|Any CPU.Build.0 = Debug|Any CPU
		{F3D78652-33C7-4470-B8FE-36401D6475C9}.Debug|x64.ActiveCfg = Debug|Any CPU
		{F3D78652-33C7-4470-B8FE-36401D6475C9}.Debug|x64.Build.0 = Debug|Any CPU
		{F3D78652-33C7-4470-B8FE-36401D6475C9}.Debug|x86.ActiveCfg = Debug|Any CPU
		{F3D78652-33C7-4470-B8FE-36401D6475C9}.Debug|x86.Build.0 = Debug|Any CPU
		{F3D78652-33C7-4470-B8FE-36401D6475C9}.Release|Any CPU.ActiveCfg = Release|Any CPU
		{F3D78652-33C7-4470-B8FE-36401D6475C9}.Release|Any CPU.Build.0 = Release|Any CPU
		{F3D78652-33C7-4470-B8FE-36401D6475C9}.Release|x64.ActiveCfg = Release|Any CPU
		{F3D78652-33C7-4470-B8FE-36401D6475C9}.Release|x64.Build.0 = Release|Any CPU
		{F3D78652-33C7-4470-B8FE-36401D6475C9}.Release|x86.ActiveCfg = Release|Any CPU
		{F3D78652-33C7-4470-B8FE-36401D6475C9}.Release|x86.Build.0 = Release|Any CPU
		{303DC75B-45BE-4798-90FC-F9F160EDA729}.Debug|Any CPU.ActiveCfg = Debug|Any CPU
		{303DC75B-45BE-4798-90FC-F9F160EDA729}.Debug|Any CPU.Build.0 = Debug|Any CPU
		{303DC75B-45BE-4798-90FC-F9F160EDA729}.Debug|x64.ActiveCfg = Debug|Any CPU
		{303DC75B-45BE-4798-90FC-F9F160EDA729}.Debug|x64.Build.0 = Debug|Any CPU
		{303DC75B-45BE-4798-90FC-F9F160EDA729}.Debug|x86.ActiveCfg = Debug|Any CPU
		{303DC75B-45BE-4798-90FC-F9F160EDA729}.Debug|x86.Build.0 = Debug|Any CPU
		{303DC75B-45BE-4798-90FC-F9F160EDA729}.Release|Any CPU.ActiveCfg = Release|Any CPU
		{303DC75B-45BE-4798-90FC-F9F160EDA729}.Release|Any CPU.Build.0 = Release|Any CPU
		{303DC75B-45BE-4798-90FC-F9F160EDA729}.Release|x64.ActiveCfg = Release|Any CPU
		{303DC75B-45BE-4798-90FC-F9F160EDA729}.Release|x64.Build.0 = Release|Any CPU
		{303DC75B-45BE-4798-90FC-F9F160EDA729}.Release|x86.ActiveCfg = Release|Any CPU
		{303DC75B-45BE-4798-90FC-F9F160EDA729}.Release|x86.Build.0 = Release|Any CPU
		{DE5823F3-35FB-427A-8A7B-FDCF5B6C3055}.Debug|Any CPU.ActiveCfg = Debug|Any CPU
		{DE5823F3-35FB-427A-8A7B-FDCF5B6C3055}.Debug|Any CPU.Build.0 = Debug|Any CPU
		{DE5823F3-35FB-427A-8A7B-FDCF5B6C3055}.Debug|x64.ActiveCfg = Debug|Any CPU
		{DE5823F3-35FB-427A-8A7B-FDCF5B6C3055}.Debug|x64.Build.0 = Debug|Any CPU
		{DE5823F3-35FB-427A-8A7B-FDCF5B6C3055}.Debug|x86.ActiveCfg = Debug|Any CPU
		{DE5823F3-35FB-427A-8A7B-FDCF5B6C3055}.Debug|x86.Build.0 = Debug|Any CPU
		{DE5823F3-35FB-427A-8A7B-FDCF5B6C3055}.Release|Any CPU.ActiveCfg = Release|Any CPU
		{DE5823F3-35FB-427A-8A7B-FDCF5B6C3055}.Release|Any CPU.Build.0 = Release|Any CPU
		{DE5823F3-35FB-427A-8A7B-FDCF5B6C3055}.Release|x64.ActiveCfg = Release|Any CPU
		{DE5823F3-35FB-427A-8A7B-FDCF5B6C3055}.Release|x64.Build.0 = Release|Any CPU
		{DE5823F3-35FB-427A-8A7B-FDCF5B6C3055}.Release|x86.ActiveCfg = Release|Any CPU
		{DE5823F3-35FB-427A-8A7B-FDCF5B6C3055}.Release|x86.Build.0 = Release|Any CPU
		{46F8BCF0-D239-46CA-ACFA-FF3892BB597D}.Debug|Any CPU.ActiveCfg = Debug|Any CPU
		{46F8BCF0-D239-46CA-ACFA-FF3892BB597D}.Debug|Any CPU.Build.0 = Debug|Any CPU
		{46F8BCF0-D239-46CA-ACFA-FF3892BB597D}.Debug|x64.ActiveCfg = Debug|Any CPU
		{46F8BCF0-D239-46CA-ACFA-FF3892BB597D}.Debug|x64.Build.0 = Debug|Any CPU
		{46F8BCF0-D239-46CA-ACFA-FF3892BB597D}.Debug|x86.ActiveCfg = Debug|Any CPU
		{46F8BCF0-D239-46CA-ACFA-FF3892BB597D}.Debug|x86.Build.0 = Debug|Any CPU
		{46F8BCF0-D239-46CA-ACFA-FF3892BB597D}.Release|Any CPU.ActiveCfg = Release|Any CPU
		{46F8BCF0-D239-46CA-ACFA-FF3892BB597D}.Release|Any CPU.Build.0 = Release|Any CPU
		{46F8BCF0-D239-46CA-ACFA-FF3892BB597D}.Release|x64.ActiveCfg = Release|Any CPU
		{46F8BCF0-D239-46CA-ACFA-FF3892BB597D}.Release|x64.Build.0 = Release|Any CPU
		{46F8BCF0-D239-46CA-ACFA-FF3892BB597D}.Release|x86.ActiveCfg = Release|Any CPU
		{46F8BCF0-D239-46CA-ACFA-FF3892BB597D}.Release|x86.Build.0 = Release|Any CPU
	EndGlobalSection
EndGlobal
