
Microsoft Visual Studio Solution File, Format Version 12.00
# Visual Studio 15
VisualStudioVersion = 15.0.26124.0
MinimumVisualStudioVersion = 15.0.26124.0
Project("{FAE04EC0-301F-11D3-BF4B-00C04F79EFBC}") = "Day01", "Day01\Day01.csproj", "{DBB73035-3AF8-472E-BA94-49016A745E15}"
EndProject
Project("{FAE04EC0-301F-11D3-BF4B-00C04F79EFBC}") = "Day02", "Day02\Day02.csproj", "{99940E1E-FA2B-4A7F-9787-6C0FFF4DDF7E}"
EndProject
Project("{FAE04EC0-301F-11D3-BF4B-00C04F79EFBC}") = "Day03", "Day03\Day03.csproj", "{9209DE69-3A5F-46A8-950C-BAAA06145AF7}"
EndProject
Project("{FAE04EC0-301F-11D3-BF4B-00C04F79EFBC}") = "Day04", "Day04\Day04.csproj", "{9708CBD4-29EE-48E8-8B27-A45B81D7EDF0}"
EndProject
Global
	GlobalSection(SolutionConfigurationPlatforms) = preSolution
		Debug|Any CPU = Debug|Any CPU
		Debug|x64 = Debug|x64
		Debug|x86 = Debug|x86
		Release|Any CPU = Release|Any CPU
		Release|x64 = Release|x64
		Release|x86 = Release|x86
	EndGlobalSection
	GlobalSection(SolutionProperties) = preSolution
		HideSolutionNode = FALSE
	EndGlobalSection
	GlobalSection(ProjectConfigurationPlatforms) = postSolution
		{DBB73035-3AF8-472E-BA94-49016A745E15}.Debug|Any CPU.ActiveCfg = Debug|Any CPU
		{DBB73035-3AF8-472E-BA94-49016A745E15}.Debug|Any CPU.Build.0 = Debug|Any CPU
		{DBB73035-3AF8-472E-BA94-49016A745E15}.Debug|x64.ActiveCfg = Debug|Any CPU
		{DBB73035-3AF8-472E-BA94-49016A745E15}.Debug|x64.Build.0 = Debug|Any CPU
		{DBB73035-3AF8-472E-BA94-49016A745E15}.Debug|x86.ActiveCfg = Debug|Any CPU
		{DBB73035-3AF8-472E-BA94-49016A745E15}.Debug|x86.Build.0 = Debug|Any CPU
		{DBB73035-3AF8-472E-BA94-49016A745E15}.Release|Any CPU.ActiveCfg = Release|Any CPU
		{DBB73035-3AF8-472E-BA94-49016A745E15}.Release|Any CPU.Build.0 = Release|Any CPU
		{DBB73035-3AF8-472E-BA94-49016A745E15}.Release|x64.ActiveCfg = Release|Any CPU
		{DBB73035-3AF8-472E-BA94-49016A745E15}.Release|x64.Build.0 = Release|Any CPU
		{DBB73035-3AF8-472E-BA94-49016A745E15}.Release|x86.ActiveCfg = Release|Any CPU
		{DBB73035-3AF8-472E-BA94-49016A745E15}.Release|x86.Build.0 = Release|Any CPU
		{99940E1E-FA2B-4A7F-9787-6C0FFF4DDF7E}.Debug|Any CPU.ActiveCfg = Debug|Any CPU
		{99940E1E-FA2B-4A7F-9787-6C0FFF4DDF7E}.Debug|Any CPU.Build.0 = Debug|Any CPU
		{99940E1E-FA2B-4A7F-9787-6C0FFF4DDF7E}.Debug|x64.ActiveCfg = Debug|Any CPU
		{99940E1E-FA2B-4A7F-9787-6C0FFF4DDF7E}.Debug|x64.Build.0 = Debug|Any CPU
		{99940E1E-FA2B-4A7F-9787-6C0FFF4DDF7E}.Debug|x86.ActiveCfg = Debug|Any CPU
		{99940E1E-FA2B-4A7F-9787-6C0FFF4DDF7E}.Debug|x86.Build.0 = Debug|Any CPU
		{99940E1E-FA2B-4A7F-9787-6C0FFF4DDF7E}.Release|Any CPU.ActiveCfg = Release|Any CPU
		{99940E1E-FA2B-4A7F-9787-6C0FFF4DDF7E}.Release|Any CPU.Build.0 = Release|Any CPU
		{99940E1E-FA2B-4A7F-9787-6C0FFF4DDF7E}.Release|x64.ActiveCfg = Release|Any CPU
		{99940E1E-FA2B-4A7F-9787-6C0FFF4DDF7E}.Release|x64.Build.0 = Release|Any CPU
		{99940E1E-FA2B-4A7F-9787-6C0FFF4DDF7E}.Release|x86.ActiveCfg = Release|Any CPU
		{99940E1E-FA2B-4A7F-9787-6C0FFF4DDF7E}.Release|x86.Build.0 = Release|Any CPU
		{9209DE69-3A5F-46A8-950C-BAAA06145AF7}.Debug|Any CPU.ActiveCfg = Debug|Any CPU
		{9209DE69-3A5F-46A8-950C-BAAA06145AF7}.Debug|Any CPU.Build.0 = Debug|Any CPU
		{9209DE69-3A5F-46A8-950C-BAAA06145AF7}.Debug|x64.ActiveCfg = Debug|Any CPU
		{9209DE69-3A5F-46A8-950C-BAAA06145AF7}.Debug|x64.Build.0 = Debug|Any CPU
		{9209DE69-3A5F-46A8-950C-BAAA06145AF7}.Debug|x86.ActiveCfg = Debug|Any CPU
		{9209DE69-3A5F-46A8-950C-BAAA06145AF7}.Debug|x86.Build.0 = Debug|Any CPU
		{9209DE69-3A5F-46A8-950C-BAAA06145AF7}.Release|Any CPU.ActiveCfg = Release|Any CPU
		{9209DE69-3A5F-46A8-950C-BAAA06145AF7}.Release|Any CPU.Build.0 = Release|Any CPU
		{9209DE69-3A5F-46A8-950C-BAAA06145AF7}.Release|x64.ActiveCfg = Release|Any CPU
		{9209DE69-3A5F-46A8-950C-BAAA06145AF7}.Release|x64.Build.0 = Release|Any CPU
		{9209DE69-3A5F-46A8-950C-BAAA06145AF7}.Release|x86.ActiveCfg = Release|Any CPU
		{9209DE69-3A5F-46A8-950C-BAAA06145AF7}.Release|x86.Build.0 = Release|Any CPU
		{9708CBD4-29EE-48E8-8B27-A45B81D7EDF0}.Debug|Any CPU.ActiveCfg = Debug|Any CPU
		{9708CBD4-29EE-48E8-8B27-A45B81D7EDF0}.Debug|Any CPU.Build.0 = Debug|Any CPU
		{9708CBD4-29EE-48E8-8B27-A45B81D7EDF0}.Debug|x64.ActiveCfg = Debug|Any CPU
		{9708CBD4-29EE-48E8-8B27-A45B81D7EDF0}.Debug|x64.Build.0 = Debug|Any CPU
		{9708CBD4-29EE-48E8-8B27-A45B81D7EDF0}.Debug|x86.ActiveCfg = Debug|Any CPU
		{9708CBD4-29EE-48E8-8B27-A45B81D7EDF0}.Debug|x86.Build.0 = Debug|Any CPU
		{9708CBD4-29EE-48E8-8B27-A45B81D7EDF0}.Release|Any CPU.ActiveCfg = Release|Any CPU
		{9708CBD4-29EE-48E8-8B27-A45B81D7EDF0}.Release|Any CPU.Build.0 = Release|Any CPU
		{9708CBD4-29EE-48E8-8B27-A45B81D7EDF0}.Release|x64.ActiveCfg = Release|Any CPU
		{9708CBD4-29EE-48E8-8B27-A45B81D7EDF0}.Release|x64.Build.0 = Release|Any CPU
		{9708CBD4-29EE-48E8-8B27-A45B81D7EDF0}.Release|x86.ActiveCfg = Release|Any CPU
		{9708CBD4-29EE-48E8-8B27-A45B81D7EDF0}.Release|x86.Build.0 = Release|Any CPU
	EndGlobalSection
EndGlobal
